
Microsoft Visual Studio Solution File, Format Version 12.00
# Visual Studio Version 17
VisualStudioVersion = 17.8.34330.188
MinimumVisualStudioVersion = 10.0.40219.1
Project("{9A19103F-16F7-4668-BE54-9A1E7A4F7556}") = "U3A", "U3A\U3A.csproj", "{ECE18304-DF4E-48E4-9040-C9D8723AD572}"
EndProject
Project("{9A19103F-16F7-4668-BE54-9A1E7A4F7556}") = "U3A.Model", "U3A.Model\U3A.Model.csproj", "{DC54A5E6-247D-4F07-8457-F33CEA938B2F}"
EndProject
Project("{9A19103F-16F7-4668-BE54-9A1E7A4F7556}") = "U3A.Database", "U3A.Data\U3A.Database.csproj", "{E4485FE8-1AC8-42D2-93F1-15BBFCBC93CF}"
EndProject
Project("{9A19103F-16F7-4668-BE54-9A1E7A4F7556}") = "U3A.Services", "U3A.Services\U3A.Services.csproj", "{D323210D-CAF1-49DF-B2DC-9B3988351372}"
EndProject
Project("{9A19103F-16F7-4668-BE54-9A1E7A4F7556}") = "U3A.UI.Reports", "U3A.UI.Reports\U3A.UI.Reports.csproj", "{39B4E4E8-650F-41FC-A638-A45914B86344}"
EndProject
Project("{9A19103F-16F7-4668-BE54-9A1E7A4F7556}") = "U3A.UI.Forms", "U3A.UI.Forms\U3A.UI.Forms.csproj", "{B2096F80-CE1F-4D4C-BDD5-35AE7B7951F6}"
EndProject
Project("{9A19103F-16F7-4668-BE54-9A1E7A4F7556}") = "U3A.WebFunctions", "U3A.WebFunctions\U3A.WebFunctions.csproj", "{27F3C386-94A5-44C7-A681-37E4DCD0A25E}"
EndProject
Project("{9A19103F-16F7-4668-BE54-9A1E7A4F7556}") = "U3A.Super", "U3A.Super\U3A.Super.csproj", "{1985BA70-5B68-4534-BAC9-9DAB18E5E4D3}"
EndProject
Project("{9A19103F-16F7-4668-BE54-9A1E7A4F7556}") = "U3A.UI.Common", "U3A.UI.Common\U3A.UI.Common.csproj", "{4FE541B3-37E5-4445-8278-0A4DF930A477}"
EndProject
Project("{FAE04EC0-301F-11D3-BF4B-00C04F79EFBC}") = "U3A.AppHost", "U3A.AppHost\U3A.AppHost.csproj", "{C72EB055-413C-4C46-9D1E-CB15F3F514FB}"
EndProject
Project("{9A19103F-16F7-4668-BE54-9A1E7A4F7556}") = "U3A.ServiceDefaults", "U3A.ServiceDefaults\U3A.ServiceDefaults.csproj", "{3DDB5DF7-068F-486A-BB14-EC09AE1F007D}"
EndProject
Global
	GlobalSection(SolutionConfigurationPlatforms) = preSolution
		Debug|Any CPU = Debug|Any CPU
		Release|Any CPU = Release|Any CPU
	EndGlobalSection
	GlobalSection(ProjectConfigurationPlatforms) = postSolution
		{ECE18304-DF4E-48E4-9040-C9D8723AD572}.Debug|Any CPU.ActiveCfg = Debug|Any CPU
		{ECE18304-DF4E-48E4-9040-C9D8723AD572}.Debug|Any CPU.Build.0 = Debug|Any CPU
		{ECE18304-DF4E-48E4-9040-C9D8723AD572}.Release|Any CPU.ActiveCfg = Release|Any CPU
		{ECE18304-DF4E-48E4-9040-C9D8723AD572}.Release|Any CPU.Build.0 = Release|Any CPU
		{DC54A5E6-247D-4F07-8457-F33CEA938B2F}.Debug|Any CPU.ActiveCfg = Debug|Any CPU
		{DC54A5E6-247D-4F07-8457-F33CEA938B2F}.Debug|Any CPU.Build.0 = Debug|Any CPU
		{DC54A5E6-247D-4F07-8457-F33CEA938B2F}.Release|Any CPU.ActiveCfg = Release|Any CPU
		{DC54A5E6-247D-4F07-8457-F33CEA938B2F}.Release|Any CPU.Build.0 = Release|Any CPU
		{E4485FE8-1AC8-42D2-93F1-15BBFCBC93CF}.Debug|Any CPU.ActiveCfg = Debug|Any CPU
		{E4485FE8-1AC8-42D2-93F1-15BBFCBC93CF}.Debug|Any CPU.Build.0 = Debug|Any CPU
		{E4485FE8-1AC8-42D2-93F1-15BBFCBC93CF}.Release|Any CPU.ActiveCfg = Release|Any CPU
		{E4485FE8-1AC8-42D2-93F1-15BBFCBC93CF}.Release|Any CPU.Build.0 = Release|Any CPU
		{D323210D-CAF1-49DF-B2DC-9B3988351372}.Debug|Any CPU.ActiveCfg = Debug|Any CPU
		{D323210D-CAF1-49DF-B2DC-9B3988351372}.Debug|Any CPU.Build.0 = Debug|Any CPU
		{D323210D-CAF1-49DF-B2DC-9B3988351372}.Release|Any CPU.ActiveCfg = Release|Any CPU
		{D323210D-CAF1-49DF-B2DC-9B3988351372}.Release|Any CPU.Build.0 = Release|Any CPU
		{39B4E4E8-650F-41FC-A638-A45914B86344}.Debug|Any CPU.ActiveCfg = Debug|Any CPU
		{39B4E4E8-650F-41FC-A638-A45914B86344}.Debug|Any CPU.Build.0 = Debug|Any CPU
		{39B4E4E8-650F-41FC-A638-A45914B86344}.Release|Any CPU.ActiveCfg = Release|Any CPU
		{39B4E4E8-650F-41FC-A638-A45914B86344}.Release|Any CPU.Build.0 = Release|Any CPU
		{B2096F80-CE1F-4D4C-BDD5-35AE7B7951F6}.Debug|Any CPU.ActiveCfg = Debug|Any CPU
		{B2096F80-CE1F-4D4C-BDD5-35AE7B7951F6}.Debug|Any CPU.Build.0 = Debug|Any CPU
		{B2096F80-CE1F-4D4C-BDD5-35AE7B7951F6}.Release|Any CPU.ActiveCfg = Release|Any CPU
		{B2096F80-CE1F-4D4C-BDD5-35AE7B7951F6}.Release|Any CPU.Build.0 = Release|Any CPU
		{27F3C386-94A5-44C7-A681-37E4DCD0A25E}.Debug|Any CPU.ActiveCfg = Debug|Any CPU
		{27F3C386-94A5-44C7-A681-37E4DCD0A25E}.Debug|Any CPU.Build.0 = Debug|Any CPU
		{27F3C386-94A5-44C7-A681-37E4DCD0A25E}.Release|Any CPU.ActiveCfg = Release|Any CPU
		{27F3C386-94A5-44C7-A681-37E4DCD0A25E}.Release|Any CPU.Build.0 = Release|Any CPU
		{1985BA70-5B68-4534-BAC9-9DAB18E5E4D3}.Debug|Any CPU.ActiveCfg = Debug|Any CPU
		{1985BA70-5B68-4534-BAC9-9DAB18E5E4D3}.Debug|Any CPU.Build.0 = Debug|Any CPU
		{1985BA70-5B68-4534-BAC9-9DAB18E5E4D3}.Release|Any CPU.ActiveCfg = Release|Any CPU
		{1985BA70-5B68-4534-BAC9-9DAB18E5E4D3}.Release|Any CPU.Build.0 = Release|Any CPU
		{4FE541B3-37E5-4445-8278-0A4DF930A477}.Debug|Any CPU.ActiveCfg = Debug|Any CPU
		{4FE541B3-37E5-4445-8278-0A4DF930A477}.Debug|Any CPU.Build.0 = Debug|Any CPU
		{4FE541B3-37E5-4445-8278-0A4DF930A477}.Release|Any CPU.ActiveCfg = Release|Any CPU
		{4FE541B3-37E5-4445-8278-0A4DF930A477}.Release|Any CPU.Build.0 = Release|Any CPU
		{C72EB055-413C-4C46-9D1E-CB15F3F514FB}.Debug|Any CPU.ActiveCfg = Debug|Any CPU
		{C72EB055-413C-4C46-9D1E-CB15F3F514FB}.Debug|Any CPU.Build.0 = Debug|Any CPU
		{C72EB055-413C-4C46-9D1E-CB15F3F514FB}.Release|Any CPU.ActiveCfg = Release|Any CPU
		{C72EB055-413C-4C46-9D1E-CB15F3F514FB}.Release|Any CPU.Build.0 = Release|Any CPU
		{3DDB5DF7-068F-486A-BB14-EC09AE1F007D}.Debug|Any CPU.ActiveCfg = Debug|Any CPU
		{3DDB5DF7-068F-486A-BB14-EC09AE1F007D}.Debug|Any CPU.Build.0 = Debug|Any CPU
		{3DDB5DF7-068F-486A-BB14-EC09AE1F007D}.Release|Any CPU.ActiveCfg = Release|Any CPU
		{3DDB5DF7-068F-486A-BB14-EC09AE1F007D}.Release|Any CPU.Build.0 = Release|Any CPU
	EndGlobalSection
	GlobalSection(SolutionProperties) = preSolution
		HideSolutionNode = FALSE
	EndGlobalSection
	GlobalSection(ExtensibilityGlobals) = postSolution
		SolutionGuid = {9463FE7A-14B7-4EC3-8EBD-BD23043FD16B}
	EndGlobalSection
EndGlobal
